
Microsoft Visual Studio Solution File, Format Version 12.00
# Visual Studio Version 17
VisualStudioVersion = 17.3.32728.150
MinimumVisualStudioVersion = 10.0.40219.1
Project("{FAE04EC0-301F-11D3-BF4B-00C04F79EFBC}") = "SeewoHelper", "SeewoHelper\SeewoHelper.csproj", "{47D52F10-130B-4282-9127-39B5C9FD22BC}"
EndProject
Global
	GlobalSection(SolutionConfigurationPlatforms) = preSolution
		Debug|Any CPU = Debug|Any CPU
		Release|Any CPU = Release|Any CPU
	EndGlobalSection
	GlobalSection(ProjectConfigurationPlatforms) = postSolution
		{47D52F10-130B-4282-9127-39B5C9FD22BC}.Debug|Any CPU.ActiveCfg = Debug|Any CPU
		{47D52F10-130B-4282-9127-39B5C9FD22BC}.Debug|Any CPU.Build.0 = Debug|Any CPU
		{47D52F10-130B-4282-9127-39B5C9FD22BC}.Release|Any CPU.ActiveCfg = Release|Any CPU
		{47D52F10-130B-4282-9127-39B5C9FD22BC}.Release|Any CPU.Build.0 = Release|Any CPU
	EndGlobalSection
	GlobalSection(SolutionProperties) = preSolution
		HideSolutionNode = FALSE
	EndGlobalSection
	GlobalSection(ExtensibilityGlobals) = postSolution
		SolutionGuid = {BCA93C75-35C7-421B-B7FC-257A63D7F346}
	EndGlobalSection
EndGlobal
